# sindri.lock — auto-generated by `sindri resolve`. DO NOT edit manually.
# schema-version: 1

[[component]]
address = "mise:nodejs@22.4.0"
digest  = "sha256:abc123def456abc123def456abc123def456abc123def456abc123def456abc1"
resolved_at = "2026-04-24T10:00:00Z"

[[component]]
address = "mise:python@3.12.5"
digest  = "sha256:def456abc123def456abc123def456abc123def456abc123def456abc123def4"
resolved_at = "2026-04-24T10:00:00Z"

[[component]]
address = "mise:rust@1.79.0"
digest  = "sha256:111aaa222bbb333ccc444ddd555eee666fff777888999000111aaa222bbb333c"
resolved_at = "2026-04-24T10:00:00Z"

[[component]]
address = "cargo:ripgrep@14.1.0"
digest  = "sha256:222bbb333ccc444ddd555eee666fff777888999000111aaa222bbb333ccc444d"
resolved_at = "2026-04-24T10:00:00Z"

[[component]]
address = "npm:typescript@5.5.3"
digest  = "sha256:333ccc444ddd555eee666fff777888999000111aaa222bbb333ccc444ddd555e"
resolved_at = "2026-04-24T10:00:00Z"

[[component]]
address = "pipx:black@24.4.2"
digest  = "sha256:444ddd555eee666fff777888999000111aaa222bbb333ccc444ddd555eee666f"
resolved_at = "2026-04-24T10:00:00Z"
